
Microsoft Visual Studio Solution File, Format Version 12.00
# Visual Studio Version 16
VisualStudioVersion = 16.0.31624.102
MinimumVisualStudioVersion = 10.0.40219.1
Project("{FAE04EC0-301F-11D3-BF4B-00C04F79EFBC}") = "UIBlazorFramework.Web.Client", "UIBlazorFramework.Web.Client\UIBlazorFramework.Web.Client.csproj", "{3945B2FA-9737-4AF4-AC5C-823CD28CE84D}"
EndProject
Project("{FAE04EC0-301F-11D3-BF4B-00C04F79EFBC}") = "UIBlazorFramework.Web", "UIBlazorFramework.Web\UIBlazorFramework.Web.csproj", "{DDC85A06-507D-4DBD-8BA3-D9E9198F73C9}"
EndProject
Global
	GlobalSection(SolutionConfigurationPlatforms) = preSolution
		Debug|Any CPU = Debug|Any CPU
		Release|Any CPU = Release|Any CPU
	EndGlobalSection
	GlobalSection(ProjectConfigurationPlatforms) = postSolution
		{3945B2FA-9737-4AF4-AC5C-823CD28CE84D}.Debug|Any CPU.ActiveCfg = Debug|Any CPU
		{3945B2FA-9737-4AF4-AC5C-823CD28CE84D}.Debug|Any CPU.Build.0 = Debug|Any CPU
		{3945B2FA-9737-4AF4-AC5C-823CD28CE84D}.Release|Any CPU.ActiveCfg = Release|Any CPU
		{3945B2FA-9737-4AF4-AC5C-823CD28CE84D}.Release|Any CPU.Build.0 = Release|Any CPU
		{DDC85A06-507D-4DBD-8BA3-D9E9198F73C9}.Debug|Any CPU.ActiveCfg = Debug|Any CPU
		{DDC85A06-507D-4DBD-8BA3-D9E9198F73C9}.Debug|Any CPU.Build.0 = Debug|Any CPU
		{DDC85A06-507D-4DBD-8BA3-D9E9198F73C9}.Release|Any CPU.ActiveCfg = Release|Any CPU
		{DDC85A06-507D-4DBD-8BA3-D9E9198F73C9}.Release|Any CPU.Build.0 = Release|Any CPU
	EndGlobalSection
	GlobalSection(SolutionProperties) = preSolution
		HideSolutionNode = FALSE
	EndGlobalSection
	GlobalSection(ExtensibilityGlobals) = postSolution
		SolutionGuid = {8BDA77C8-B859-4A79-BFF1-3BDF8856BDE8}
	EndGlobalSection
EndGlobal
